lockfileVersion: 5.4

specifiers:
  element-ui: ^2.15.6

dependencies:
  element-ui: registry.npmmirror.com/element-ui/2.15.8

packages:

  registry.npmmirror.com/async-validator/1.8.5:
    resolution: {integrity: sha512-tXBM+1m056MAX0E8TL2iCjg8WvSyXu0Zc8LNtYqrVeyoL3+esHRZ4SieE9fKQyyU09uONjnMEjrNBMqT0mbvmA==, registry: http://registry.npm.taobao.org/, tarball: https://registry.npmmirror.com/async-validator/-/async-validator-1.8.5.tgz}
    name: async-validator
    version: 1.8.5
    dependencies:
      babel-runtime: registry.npmmirror.com/babel-runtime/6.26.0
    dev: false

  registry.npmmirror.com/babel-helper-vue-jsx-merge-props/2.0.3:
    resolution: {integrity: sha512-gsLiKK7Qrb7zYJNgiXKpXblxbV5ffSwR0f5whkPAaBAR4fhi6bwRZxX9wBlIc5M/v8CCkXUbXZL4N/nSE97cqg==, registry: http://registry.npm.taobao.org/, tarball: https://registry.npmmirror.com/babel-helper-vue-jsx-merge-props/-/babel-helper-vue-jsx-merge-props-2.0.3.tgz}
    name: babel-helper-vue-jsx-merge-props
    version: 2.0.3
    dev: false

  registry.npmmirror.com/babel-runtime/6.26.0:
    resolution: {integrity: sha512-ITKNuq2wKlW1fJg9sSW52eepoYgZBggvOAHC0u/CYu/qxQ9EVzThCgR69BnSXLHjy2f7SY5zaQ4yt7H9ZVxY2g==, registry: http://registry.npm.taobao.org/, tarball: https://registry.npmmirror.com/babel-runtime/-/babel-runtime-6.26.0.tgz}
    name: babel-runtime
    version: 6.26.0
    dependencies:
      core-js: registry.npmmirror.com/core-js/2.6.12
      regenerator-runtime: registry.npmmirror.com/regenerator-runtime/0.11.1
    dev: false

  registry.npmmirror.com/core-js/2.6.12:
    resolution: {integrity: sha512-Kb2wC0fvsWfQrgk8HU5lW6U/Lcs8+9aaYcy4ZFc6DDlo4nZ7n70dEgE5rtR0oG6ufKDUnrwfWL1mXR5ljDatrQ==, registry: http://registry.npm.taobao.org/, tarball: https://registry.npmmirror.com/core-js/-/core-js-2.6.12.tgz}
    name: core-js
    version: 2.6.12
    deprecated: core-js@<3.4 is no longer maintained and not recommended for usage due to the number of issues. Because of the V8 engine whims, feature detection in old core-js versions could cause a slowdown up to 100x even if nothing is polyfilled. Please, upgrade your dependencies to the actual version of core-js.
    requiresBuild: true
    dev: false

  registry.npmmirror.com/deepmerge/1.5.2:
    resolution: {integrity: sha512-95k0GDqvBjZavkuvzx/YqVLv/6YYa17fz6ILMSf7neqQITCPbnfEnQvEgMPNjH4kgobe7+WIL0yJEHku+H3qtQ==, registry: http://registry.npm.taobao.org/, tarball: https://registry.npmmirror.com/deepmerge/-/deepmerge-1.5.2.tgz}
    name: deepmerge
    version: 1.5.2
    engines: {node: '>=0.10.0'}
    dev: false

  registry.npmmirror.com/element-ui/2.15.8:
    resolution: {integrity: sha512-N54zxosRFqpYax3APY3GeRmtOZwIls6Z756WM0kdPZ5Q92PIeKHnZgF1StlamIg9bLxP1k+qdhTZvIeQlim09A==, registry: http://registry.npm.taobao.org/, tarball: https://registry.npmmirror.com/element-ui/-/element-ui-2.15.8.tgz}
    name: element-ui
    version: 2.15.8
    peerDependencies:
      vue: ^2.5.17
    dependencies:
      async-validator: registry.npmmirror.com/async-validator/1.8.5
      babel-helper-vue-jsx-merge-props: registry.npmmirror.com/babel-helper-vue-jsx-merge-props/2.0.3
      deepmerge: registry.npmmirror.com/deepmerge/1.5.2
      normalize-wheel: registry.npmmirror.com/normalize-wheel/1.0.1
      resize-observer-polyfill: registry.npmmirror.com/resize-observer-polyfill/1.5.1
      throttle-debounce: registry.npmmirror.com/throttle-debounce/1.1.0
    dev: false

  registry.npmmirror.com/normalize-wheel/1.0.1:
    resolution: {integrity: sha512-1OnlAPZ3zgrk8B91HyRj+eVv+kS5u+Z0SCsak6Xil/kmgEia50ga7zfkumayonZrImffAxPU/5WcyGhzetHNPA==, registry: http://registry.npm.taobao.org/, tarball: https://registry.npmmirror.com/normalize-wheel/-/normalize-wheel-1.0.1.tgz}
    name: normalize-wheel
    version: 1.0.1
    dev: false

  registry.npmmirror.com/regenerator-runtime/0.11.1:
    resolution: {integrity: sha512-MguG95oij0fC3QV3URf4V2SDYGJhJnJGqvIIgdECeODCT98wSWDAJ94SSuVpYQUoTcGUIL6L4yNB7j1DFFHSBg==, registry: http://registry.npm.taobao.org/, tarball: https://registry.npmmirror.com/regenerator-runtime/-/regenerator-runtime-0.11.1.tgz}
    name: regenerator-runtime
    version: 0.11.1
    dev: false

  registry.npmmirror.com/resize-observer-polyfill/1.5.1:
    resolution: {integrity: sha512-LwZrotdHOo12nQuZlHEmtuXdqGoOD0OhaxopaNFxWzInpEgaLWoVuAMbTzixuosCx2nEG58ngzW3vxdWoxIgdg==, registry: http://registry.npm.taobao.org/, tarball: https://registry.npmmirror.com/resize-observer-polyfill/-/resize-observer-polyfill-1.5.1.tgz}
    name: resize-observer-polyfill
    version: 1.5.1
    dev: false

  registry.npmmirror.com/throttle-debounce/1.1.0:
    resolution: {integrity: sha512-XH8UiPCQcWNuk2LYePibW/4qL97+ZQ1AN3FNXwZRBNPPowo/NRU5fAlDCSNBJIYCKbioZfuYtMhG4quqoJhVzg==, registry: http://registry.npm.taobao.org/, tarball: https://registry.npmmirror.com/throttle-debounce/-/throttle-debounce-1.1.0.tgz}
    name: throttle-debounce
    version: 1.1.0
    engines: {node: '>=4'}
    dev: false
